
Microsoft Visual Studio Solution File, Format Version 12.00
# Visual Studio Version 17
VisualStudioVersion = 17.5.002.0
MinimumVisualStudioVersion = 10.0.40219.1
Project("{9A19103F-16F7-4668-BE54-9A1E7A4F7556}") = "SuperService", "src\SuperService.csproj", "{567FAC1A-03BA-4C42-96B7-BF5F0C808585}"
EndProject
Project("{9A19103F-16F7-4668-BE54-9A1E7A4F7556}") = "SuperService.UnitTests", "test\SuperService.UnitTests.csproj", "{BD0516C6-263F-4220-86B0-002539B31712}"
EndProject
Global
	GlobalSection(SolutionConfigurationPlatforms) = preSolution
		Debug|Any CPU = Debug|Any CPU
		Release|Any CPU = Release|Any CPU
	EndGlobalSection
	GlobalSection(ProjectConfigurationPlatforms) = postSolution
		{567FAC1A-03BA-4C42-96B7-BF5F0C808585}.Debug|Any CPU.ActiveCfg = Debug|Any CPU
		{567FAC1A-03BA-4C42-96B7-BF5F0C808585}.Debug|Any CPU.Build.0 = Debug|Any CPU
		{567FAC1A-03BA-4C42-96B7-BF5F0C808585}.Release|Any CPU.ActiveCfg = Release|Any CPU
		{567FAC1A-03BA-4C42-96B7-BF5F0C808585}.Release|Any CPU.Build.0 = Release|Any CPU
		{BD0516C6-263F-4220-86B0-002539B31712}.Debug|Any CPU.ActiveCfg = Debug|Any CPU
		{BD0516C6-263F-4220-86B0-002539B31712}.Debug|Any CPU.Build.0 = Debug|Any CPU
		{BD0516C6-263F-4220-86B0-002539B31712}.Release|Any CPU.ActiveCfg = Release|Any CPU
		{BD0516C6-263F-4220-86B0-002539B31712}.Release|Any CPU.Build.0 = Release|Any CPU
	EndGlobalSection
	GlobalSection(SolutionProperties) = preSolution
		HideSolutionNode = FALSE
	EndGlobalSection
	GlobalSection(ExtensibilityGlobals) = postSolution
		SolutionGuid = {D4C5FCB2-093E-4005-B37B-27EB61344E8D}
	EndGlobalSection
EndGlobal
